
Microsoft Visual Studio Solution File, Format Version 12.00
# Visual Studio Version 16
VisualStudioVersion = 16.0.29709.97
MinimumVisualStudioVersion = 10.0.40219.1
Project("{FAE04EC0-301F-11D3-BF4B-00C04F79EFBC}") = "FaceIT.Android", "FaceIT\FaceIT.Android\FaceIT.Android.csproj", "{F99552D3-FBFD-4DE2-87A7-C083948A4F5B}"
EndProject
Project("{FAE04EC0-301F-11D3-BF4B-00C04F79EFBC}") = "FaceIT", "FaceIT\FaceIT\FaceIT.csproj", "{B54D3FD7-2677-4D45-88B8-1A2DEA8C6430}"
EndProject
Global
	GlobalSection(SolutionConfigurationPlatforms) = preSolution
		Debug|Any CPU = Debug|Any CPU
		Release|Any CPU = Release|Any CPU
	EndGlobalSection
	GlobalSection(ProjectConfigurationPlatforms) = postSolution
		{F99552D3-FBFD-4DE2-87A7-C083948A4F5B}.Debug|Any CPU.ActiveCfg = Debug|Any CPU
		{F99552D3-FBFD-4DE2-87A7-C083948A4F5B}.Debug|Any CPU.Build.0 = Debug|Any CPU
		{F99552D3-FBFD-4DE2-87A7-C083948A4F5B}.Debug|Any CPU.Deploy.0 = Debug|Any CPU
		{F99552D3-FBFD-4DE2-87A7-C083948A4F5B}.Release|Any CPU.ActiveCfg = Release|Any CPU
		{F99552D3-FBFD-4DE2-87A7-C083948A4F5B}.Release|Any CPU.Build.0 = Release|Any CPU
		{F99552D3-FBFD-4DE2-87A7-C083948A4F5B}.Release|Any CPU.Deploy.0 = Release|Any CPU
		{B54D3FD7-2677-4D45-88B8-1A2DEA8C6430}.Debug|Any CPU.ActiveCfg = Debug|Any CPU
		{B54D3FD7-2677-4D45-88B8-1A2DEA8C6430}.Debug|Any CPU.Build.0 = Debug|Any CPU
		{B54D3FD7-2677-4D45-88B8-1A2DEA8C6430}.Debug|Any CPU.Deploy.0 = Debug|Any CPU
		{B54D3FD7-2677-4D45-88B8-1A2DEA8C6430}.Release|Any CPU.ActiveCfg = Release|Any CPU
		{B54D3FD7-2677-4D45-88B8-1A2DEA8C6430}.Release|Any CPU.Build.0 = Release|Any CPU
		{B54D3FD7-2677-4D45-88B8-1A2DEA8C6430}.Release|Any CPU.Deploy.0 = Release|Any CPU
	EndGlobalSection
	GlobalSection(SolutionProperties) = preSolution
		HideSolutionNode = FALSE
	EndGlobalSection
	GlobalSection(ExtensibilityGlobals) = postSolution
		SolutionGuid = {0B1F6A50-D72D-4B04-A97C-71459724AF77}
	EndGlobalSection
EndGlobal
